
Microsoft Visual Studio Solution File, Format Version 12.00
# Visual Studio 15
VisualStudioVersion = 15.0.28307.705
MinimumVisualStudioVersion = 10.0.40219.1
Project("{FAE04EC0-301F-11D3-BF4B-00C04F79EFBC}") = "WindowsUsbPayDisplayClient", "WindowsUsbPayDisplayClient.csproj", "{52B952CF-90F5-4CA4-8305-0BFB1810A37A}"
EndProject
Global
	GlobalSection(SolutionConfigurationPlatforms) = preSolution
		Debug|Any CPU = Debug|Any CPU
		Release|Any CPU = Release|Any CPU
	EndGlobalSection
	GlobalSection(ProjectConfigurationPlatforms) = postSolution
		{52B952CF-90F5-4CA4-8305-0BFB1810A37A}.Debug|Any CPU.ActiveCfg = Debug|Any CPU
		{52B952CF-90F5-4CA4-8305-0BFB1810A37A}.Debug|Any CPU.Build.0 = Debug|Any CPU
		{52B952CF-90F5-4CA4-8305-0BFB1810A37A}.Release|Any CPU.ActiveCfg = Release|Any CPU
		{52B952CF-90F5-4CA4-8305-0BFB1810A37A}.Release|Any CPU.Build.0 = Release|Any CPU
	EndGlobalSection
	GlobalSection(SolutionProperties) = preSolution
		HideSolutionNode = FALSE
	EndGlobalSection
	GlobalSection(ExtensibilityGlobals) = postSolution
		SolutionGuid = {A9E083FE-02EC-4FD4-9C40-C0B325BBECE1}
	EndGlobalSection
EndGlobal
